{
  "name": "asch-web-tsdemo",
  "version": "1.0.0",
  "lockfileVersion": 1,
  "requires": true,
  "dependencies": {
    "asch-web": {
      "version": "file:../..",
      "requires": {
        "@types/bip39": "=2.4.1",
        "@types/bytebuffer": "^5.0.40",
        "@types/ripemd160": "=2.0.0",
        "axios": "=0.18.0",
        "bip39": "=2.5.0",
        "bitcoin-ts": "^1.4.0",
        "bytebuffer": "^5.0.1",
        "fast-sha256": "=1.1.0",
        "js-sha256": "^0.9.0",
        "ripemd160": "=2.0.2",
        "tweetnacl": "=1.0.0"
      }
    },
    "typescript": {
      "version": "3.3.3333",
      "resolved": "http://registry.npm.taobao.org/typescript/download/typescript-3.3.3333.tgz",
      "integrity": "sha1-FxssWvZsWelDEZkRejvK3Gb9z9Y=",
      "dev": true
    }
  }
}
